
Microsoft Visual Studio Solution File, Format Version 12.00
# Visual Studio 15
VisualStudioVersion = 15.0.27130.2036
MinimumVisualStudioVersion = 10.0.40219.1
Project("{9A19103F-16F7-4668-BE54-9A1E7A4F7556}") = "WebApi", "..\..\server\WebApi.csproj", "{BFAEA3D5-0C4D-433A-9E90-05EBFE6DE074}"
EndProject
Project("{9A19103F-16F7-4668-BE54-9A1E7A4F7556}") = "Utilities", "Utilities\Utilities.csproj", "{9672C98B-593D-4833-8FB4-97EB8E65902F}"
EndProject
Project("{FAE04EC0-301F-11D3-BF4B-00C04F79EFBC}") = "UnitTests", "UnitTests\UnitTests.csproj", "{D92AF0C9-AE0C-4FB9-88FA-20D88B8491C0}"
EndProject
Global
	GlobalSection(SolutionConfigurationPlatforms) = preSolution
		Debug|Any CPU = Debug|Any CPU
		Release|Any CPU = Release|Any CPU
	EndGlobalSection
	GlobalSection(ProjectConfigurationPlatforms) = postSolution
		{BFAEA3D5-0C4D-433A-9E90-05EBFE6DE074}.Debug|Any CPU.ActiveCfg = Debug|Any CPU
		{BFAEA3D5-0C4D-433A-9E90-05EBFE6DE074}.Debug|Any CPU.Build.0 = Debug|Any CPU
		{BFAEA3D5-0C4D-433A-9E90-05EBFE6DE074}.Release|Any CPU.ActiveCfg = Release|Any CPU
		{BFAEA3D5-0C4D-433A-9E90-05EBFE6DE074}.Release|Any CPU.Build.0 = Release|Any CPU
		{9672C98B-593D-4833-8FB4-97EB8E65902F}.Debug|Any CPU.ActiveCfg = Debug|Any CPU
		{9672C98B-593D-4833-8FB4-97EB8E65902F}.Debug|Any CPU.Build.0 = Debug|Any CPU
		{9672C98B-593D-4833-8FB4-97EB8E65902F}.Release|Any CPU.ActiveCfg = Release|Any CPU
		{9672C98B-593D-4833-8FB4-97EB8E65902F}.Release|Any CPU.Build.0 = Release|Any CPU
		{D92AF0C9-AE0C-4FB9-88FA-20D88B8491C0}.Debug|Any CPU.ActiveCfg = Debug|Any CPU
		{D92AF0C9-AE0C-4FB9-88FA-20D88B8491C0}.Debug|Any CPU.Build.0 = Debug|Any CPU
		{D92AF0C9-AE0C-4FB9-88FA-20D88B8491C0}.Release|Any CPU.ActiveCfg = Release|Any CPU
		{D92AF0C9-AE0C-4FB9-88FA-20D88B8491C0}.Release|Any CPU.Build.0 = Release|Any CPU
	EndGlobalSection
	GlobalSection(SolutionProperties) = preSolution
		HideSolutionNode = FALSE
	EndGlobalSection
	GlobalSection(ExtensibilityGlobals) = postSolution
		SolutionGuid = {F256E4DB-AF2B-45F4-A983-DBABECC65D43}
	EndGlobalSection
EndGlobal
